
Microsoft Visual Studio Solution File, Format Version 12.00
# Visual Studio 14
VisualStudioVersion = 14.0.25420.1
MinimumVisualStudioVersion = 10.0.40219.1
Project("{2150E333-8FDC-42A3-9474-1A3956D46DE8}") = "Thread", "Thread", "{DFF24218-8398-4702-B725-8058CD11C8C0}"
EndProject
Project("{8BC9CEB8-8B4A-11D0-8D11-00A0C91BC942}") = "thread_1", "thread_1\thread_1.vcxproj", "{DAAF292A-CCE4-4F10-B999-BDFE93A98D22}"
EndProject
Project("{8BC9CEB8-8B4A-11D0-8D11-00A0C91BC942}") = "thread_2", "thread_2\thread_2.vcxproj", "{B6B47AE7-AADD-482B-8569-2DAA4096F81A}"
EndProject
Project("{2150E333-8FDC-42A3-9474-1A3956D46DE8}") = "Mutex", "Mutex", "{A1A7E834-87C4-4EF1-A17E-582978454D61}"
EndProject
Project("{8BC9CEB8-8B4A-11D0-8D11-00A0C91BC942}") = "thread_yield", "thread_yield\thread_yield.vcxproj", "{C34F134D-5185-4B84-92E9-7AC8E063C958}"
EndProject
Project("{8BC9CEB8-8B4A-11D0-8D11-00A0C91BC942}") = "thread_sleep_until", "thread_sleep_until\thread_sleep_until.vcxproj", "{AA66D288-2FAC-468E-B3EB-2635FC52E119}"
EndProject
Project("{8BC9CEB8-8B4A-11D0-8D11-00A0C91BC942}") = "mutex", "mutex\mutex.vcxproj", "{D0E0F403-D9E1-4981-A820-8CFE3F2320B2}"
EndProject
Project("{8BC9CEB8-8B4A-11D0-8D11-00A0C91BC942}") = "recursive_mutex", "recursive_mutex\recursive_mutex.vcxproj", "{272A0E48-5C24-4F7F-ACAD-8DE41E88C530}"
EndProject
Project("{8BC9CEB8-8B4A-11D0-8D11-00A0C91BC942}") = "timed_mutex", "timed_mutex\timed_mutex.vcxproj", "{B77AA956-A8F0-45AE-BDAC-4F2851D476D3}"
EndProject
Project("{8BC9CEB8-8B4A-11D0-8D11-00A0C91BC942}") = "lock_guard", "lock_guard\lock_guard.vcxproj", "{FC8722E1-474B-4B8B-81B7-71F94CEF14EC}"
EndProject
Project("{8BC9CEB8-8B4A-11D0-8D11-00A0C91BC942}") = "unique_lock", "unique_lock\unique_lock.vcxproj", "{62824358-BA1A-441B-9D0D-0C45C82CC7D8}"
EndProject
Project("{8BC9CEB8-8B4A-11D0-8D11-00A0C91BC942}") = "call_once", "call_once\call_once.vcxproj", "{F30F68DD-D91B-47AD-8278-7CBD5DA6E3B9}"
EndProject
Project("{8BC9CEB8-8B4A-11D0-8D11-00A0C91BC942}") = "lock", "lock\lock.vcxproj", "{6470EFD3-7C70-4F08-98B0-0DE18054A8C2}"
EndProject
Project("{2150E333-8FDC-42A3-9474-1A3956D46DE8}") = "Future", "Future", "{7CF9CF8A-F859-494E-A14F-13433E747974}"
EndProject
Project("{8BC9CEB8-8B4A-11D0-8D11-00A0C91BC942}") = "promise", "promise\promise.vcxproj", "{5716AC89-917B-4F58-95E8-FBD9C41164F8}"
EndProject
Project("{8BC9CEB8-8B4A-11D0-8D11-00A0C91BC942}") = "promise_exception", "promise_exception\promise_exception.vcxproj", "{C57AB23C-BB09-48A4-9ED7-03EAFF49285A}"
EndProject
Project("{8BC9CEB8-8B4A-11D0-8D11-00A0C91BC942}") = "promise_at_thread_exit", "promise_at_thread_exit\promise_at_thread_exit.vcxproj", "{D8692D57-314C-4397-9FAA-A767492E56D4}"
EndProject
Project("{8BC9CEB8-8B4A-11D0-8D11-00A0C91BC942}") = "future", "future\future.vcxproj", "{C1330DC4-126F-4ECF-8B19-0FED6C2EFC94}"
EndProject
Project("{8BC9CEB8-8B4A-11D0-8D11-00A0C91BC942}") = "future_get", "future_get\future_get.vcxproj", "{D69B965E-30C2-4F8B-9BBA-580B97157FBA}"
EndProject
Project("{8BC9CEB8-8B4A-11D0-8D11-00A0C91BC942}") = "packaged_task", "packaged_task\packaged_task.vcxproj", "{785F9198-E218-46E4-9986-AAB744F0725B}"
EndProject
Project("{8BC9CEB8-8B4A-11D0-8D11-00A0C91BC942}") = "packaged_task_reset", "packaged_task_reset\packaged_task_reset.vcxproj", "{2033D283-B083-4D65-B031-CA52AE035EB2}"
EndProject
Project("{8BC9CEB8-8B4A-11D0-8D11-00A0C91BC942}") = "future_errc", "future_errc\future_errc.vcxproj", "{DC38C015-C78F-4D4D-ADE9-02320A1EF858}"
EndProject
Project("{8BC9CEB8-8B4A-11D0-8D11-00A0C91BC942}") = "async_launch", "async_launch\async_launch.vcxproj", "{448EB25E-53D3-4D25-9ADA-214AD7E064C7}"
EndProject
Project("{2150E333-8FDC-42A3-9474-1A3956D46DE8}") = "condition_variable", "condition_variable", "{A33116A4-C2D2-4FFE-95D6-A2E4A9252905}"
EndProject
Project("{8BC9CEB8-8B4A-11D0-8D11-00A0C91BC942}") = "condition_variable", "condition_variable\condition_variable.vcxproj", "{EE3F09A2-DD3B-4018-A221-CEF73546B55A}"
EndProject
Project("{8BC9CEB8-8B4A-11D0-8D11-00A0C91BC942}") = "cv_wait", "cv_wait\cv_wait.vcxproj", "{F4355E42-A750-498B-9BCA-1E98A1EF51E5}"
EndProject
Project("{8BC9CEB8-8B4A-11D0-8D11-00A0C91BC942}") = "cv_wair_for", "cv_wair_for\cv_wair_for.vcxproj", "{7799A99D-C7B4-4F12-946A-C5D06E841611}"
EndProject
Project("{8BC9CEB8-8B4A-11D0-8D11-00A0C91BC942}") = "cv_wait_until", "cv_wait_until\cv_wait_until.vcxproj", "{F73FEC8F-DE7D-44E2-9F03-CED1C1C2C574}"
EndProject
Project("{2150E333-8FDC-42A3-9474-1A3956D46DE8}") = "Atomic", "Atomic", "{CC89F1B2-2CB8-46B8-BFD6-A1BA9B36DFC4}"
EndProject
Project("{8BC9CEB8-8B4A-11D0-8D11-00A0C91BC942}") = "atomic_constructor", "atomic_constructor\atomic_constructor.vcxproj", "{2E5C91D6-CBB6-46E8-93E9-B3857E761AA2}"
EndProject
Project("{8BC9CEB8-8B4A-11D0-8D11-00A0C91BC942}") = "atomic_operator=", "atomic_operator=\atomic_operator=.vcxproj", "{318D6E17-D7F3-4C0F-AE08-91E25542C3DC}"
EndProject
Project("{8BC9CEB8-8B4A-11D0-8D11-00A0C91BC942}") = "atomic_store", "atomic_store\atomic_store.vcxproj", "{299A45C8-3415-4F8C-ACF6-F58506362BEC}"
EndProject
Project("{8BC9CEB8-8B4A-11D0-8D11-00A0C91BC942}") = "atomic_operator_T", "atomic_operator_T\atomic_operator_T.vcxproj", "{2494B741-76C4-4DD2-99B1-B403FA55599E}"
EndProject
Project("{8BC9CEB8-8B4A-11D0-8D11-00A0C91BC942}") = "atomic_compare_exchange_weak", "atomic_compare_exchange_weak\atomic_compare_exchange_weak.vcxproj", "{8542AB3B-2294-4BCE-AB21-184C68890C43}"
EndProject
Project("{8BC9CEB8-8B4A-11D0-8D11-00A0C91BC942}") = "atomic_flag", "atomic_flag\atomic_flag.vcxproj", "{A04C7452-DABE-41BF-BBE9-5E040C01D1BE}"
EndProject
Project("{8BC9CEB8-8B4A-11D0-8D11-00A0C91BC942}") = "atomic_flag_spinlock", "atomic_flag_spinlock\atomic_flag_spinlock.vcxproj", "{C76E347D-0423-4DB7-B920-8FECC6939014}"
EndProject
Project("{2150E333-8FDC-42A3-9474-1A3956D46DE8}") = "Produce_Consume_Model", "Produce_Consume_Model", "{12628028-0958-4FDD-A220-E885D0BD80C0}"
EndProject
Project("{8BC9CEB8-8B4A-11D0-8D11-00A0C91BC942}") = "single_produce_single_consume", "single_produce_single_consume\single_produce_single_consume.vcxproj", "{2F1681EC-C1D7-405A-9CCE-C8E0A9554D0F}"
EndProject
Project("{8BC9CEB8-8B4A-11D0-8D11-00A0C91BC942}") = "single_produce_multi_consume", "single_produce_multi_consume\single_produce_multi_consume.vcxproj", "{A9BDE7F7-8D85-4B66-A422-F974C7C5ECC6}"
EndProject
Global
	GlobalSection(SolutionConfigurationPlatforms) = preSolution
		Debug|x64 = Debug|x64
		Debug|x86 = Debug|x86
		Release|x64 = Release|x64
		Release|x86 = Release|x86
	EndGlobalSection
	GlobalSection(ProjectConfigurationPlatforms) = postSolution
		{DAAF292A-CCE4-4F10-B999-BDFE93A98D22}.Debug|x64.ActiveCfg = Debug|x64
		{DAAF292A-CCE4-4F10-B999-BDFE93A98D22}.Debug|x64.Build.0 = Debug|x64
		{DAAF292A-CCE4-4F10-B999-BDFE93A98D22}.Debug|x86.ActiveCfg = Debug|Win32
		{DAAF292A-CCE4-4F10-B999-BDFE93A98D22}.Debug|x86.Build.0 = Debug|Win32
		{DAAF292A-CCE4-4F10-B999-BDFE93A98D22}.Release|x64.ActiveCfg = Release|x64
		{DAAF292A-CCE4-4F10-B999-BDFE93A98D22}.Release|x64.Build.0 = Release|x64
		{DAAF292A-CCE4-4F10-B999-BDFE93A98D22}.Release|x86.ActiveCfg = Release|Win32
		{DAAF292A-CCE4-4F10-B999-BDFE93A98D22}.Release|x86.Build.0 = Release|Win32
		{B6B47AE7-AADD-482B-8569-2DAA4096F81A}.Debug|x64.ActiveCfg = Debug|x64
		{B6B47AE7-AADD-482B-8569-2DAA4096F81A}.Debug|x64.Build.0 = Debug|x64
		{B6B47AE7-AADD-482B-8569-2DAA4096F81A}.Debug|x86.ActiveCfg = Debug|Win32
		{B6B47AE7-AADD-482B-8569-2DAA4096F81A}.Debug|x86.Build.0 = Debug|Win32
		{B6B47AE7-AADD-482B-8569-2DAA4096F81A}.Release|x64.ActiveCfg = Release|x64
		{B6B47AE7-AADD-482B-8569-2DAA4096F81A}.Release|x64.Build.0 = Release|x64
		{B6B47AE7-AADD-482B-8569-2DAA4096F81A}.Release|x86.ActiveCfg = Release|Win32
		{B6B47AE7-AADD-482B-8569-2DAA4096F81A}.Release|x86.Build.0 = Release|Win32
		{C34F134D-5185-4B84-92E9-7AC8E063C958}.Debug|x64.ActiveCfg = Debug|x64
		{C34F134D-5185-4B84-92E9-7AC8E063C958}.Debug|x64.Build.0 = Debug|x64
		{C34F134D-5185-4B84-92E9-7AC8E063C958}.Debug|x86.ActiveCfg = Debug|Win32
		{C34F134D-5185-4B84-92E9-7AC8E063C958}.Debug|x86.Build.0 = Debug|Win32
		{C34F134D-5185-4B84-92E9-7AC8E063C958}.Release|x64.ActiveCfg = Release|x64
		{C34F134D-5185-4B84-92E9-7AC8E063C958}.Release|x64.Build.0 = Release|x64
		{C34F134D-5185-4B84-92E9-7AC8E063C958}.Release|x86.ActiveCfg = Release|Win32
		{C34F134D-5185-4B84-92E9-7AC8E063C958}.Release|x86.Build.0 = Release|Win32
		{AA66D288-2FAC-468E-B3EB-2635FC52E119}.Debug|x64.ActiveCfg = Debug|x64
		{AA66D288-2FAC-468E-B3EB-2635FC52E119}.Debug|x64.Build.0 = Debug|x64
		{AA66D288-2FAC-468E-B3EB-2635FC52E119}.Debug|x86.ActiveCfg = Debug|Win32
		{AA66D288-2FAC-468E-B3EB-2635FC52E119}.Debug|x86.Build.0 = Debug|Win32
		{AA66D288-2FAC-468E-B3EB-2635FC52E119}.Release|x64.ActiveCfg = Release|x64
		{AA66D288-2FAC-468E-B3EB-2635FC52E119}.Release|x64.Build.0 = Release|x64
		{AA66D288-2FAC-468E-B3EB-2635FC52E119}.Release|x86.ActiveCfg = Release|Win32
		{AA66D288-2FAC-468E-B3EB-2635FC52E119}.Release|x86.Build.0 = Release|Win32
		{D0E0F403-D9E1-4981-A820-8CFE3F2320B2}.Debug|x64.ActiveCfg = Debug|x64
		{D0E0F403-D9E1-4981-A820-8CFE3F2320B2}.Debug|x64.Build.0 = Debug|x64
		{D0E0F403-D9E1-4981-A820-8CFE3F2320B2}.Debug|x86.ActiveCfg = Debug|Win32
		{D0E0F403-D9E1-4981-A820-8CFE3F2320B2}.Debug|x86.Build.0 = Debug|Win32
		{D0E0F403-D9E1-4981-A820-8CFE3F2320B2}.Release|x64.ActiveCfg = Release|x64
		{D0E0F403-D9E1-4981-A820-8CFE3F2320B2}.Release|x64.Build.0 = Release|x64
		{D0E0F403-D9E1-4981-A820-8CFE3F2320B2}.Release|x86.ActiveCfg = Release|Win32
		{D0E0F403-D9E1-4981-A820-8CFE3F2320B2}.Release|x86.Build.0 = Release|Win32
		{272A0E48-5C24-4F7F-ACAD-8DE41E88C530}.Debug|x64.ActiveCfg = Debug|x64
		{272A0E48-5C24-4F7F-ACAD-8DE41E88C530}.Debug|x64.Build.0 = Debug|x64
		{272A0E48-5C24-4F7F-ACAD-8DE41E88C530}.Debug|x86.ActiveCfg = Debug|Win32
		{272A0E48-5C24-4F7F-ACAD-8DE41E88C530}.Debug|x86.Build.0 = Debug|Win32
		{272A0E48-5C24-4F7F-ACAD-8DE41E88C530}.Release|x64.ActiveCfg = Release|x64
		{272A0E48-5C24-4F7F-ACAD-8DE41E88C530}.Release|x64.Build.0 = Release|x64
		{272A0E48-5C24-4F7F-ACAD-8DE41E88C530}.Release|x86.ActiveCfg = Release|Win32
		{272A0E48-5C24-4F7F-ACAD-8DE41E88C530}.Release|x86.Build.0 = Release|Win32
		{B77AA956-A8F0-45AE-BDAC-4F2851D476D3}.Debug|x64.ActiveCfg = Debug|x64
		{B77AA956-A8F0-45AE-BDAC-4F2851D476D3}.Debug|x64.Build.0 = Debug|x64
		{B77AA956-A8F0-45AE-BDAC-4F2851D476D3}.Debug|x86.ActiveCfg = Debug|Win32
		{B77AA956-A8F0-45AE-BDAC-4F2851D476D3}.Debug|x86.Build.0 = Debug|Win32
		{B77AA956-A8F0-45AE-BDAC-4F2851D476D3}.Release|x64.ActiveCfg = Release|x64
		{B77AA956-A8F0-45AE-BDAC-4F2851D476D3}.Release|x64.Build.0 = Release|x64
		{B77AA956-A8F0-45AE-BDAC-4F2851D476D3}.Release|x86.ActiveCfg = Release|Win32
		{B77AA956-A8F0-45AE-BDAC-4F2851D476D3}.Release|x86.Build.0 = Release|Win32
		{FC8722E1-474B-4B8B-81B7-71F94CEF14EC}.Debug|x64.ActiveCfg = Debug|x64
		{FC8722E1-474B-4B8B-81B7-71F94CEF14EC}.Debug|x64.Build.0 = Debug|x64
		{FC8722E1-474B-4B8B-81B7-71F94CEF14EC}.Debug|x86.ActiveCfg = Debug|Win32
		{FC8722E1-474B-4B8B-81B7-71F94CEF14EC}.Debug|x86.Build.0 = Debug|Win32
		{FC8722E1-474B-4B8B-81B7-71F94CEF14EC}.Release|x64.ActiveCfg = Release|x64
		{FC8722E1-474B-4B8B-81B7-71F94CEF14EC}.Release|x64.Build.0 = Release|x64
		{FC8722E1-474B-4B8B-81B7-71F94CEF14EC}.Release|x86.ActiveCfg = Release|Win32
		{FC8722E1-474B-4B8B-81B7-71F94CEF14EC}.Release|x86.Build.0 = Release|Win32
		{62824358-BA1A-441B-9D0D-0C45C82CC7D8}.Debug|x64.ActiveCfg = Debug|x64
		{62824358-BA1A-441B-9D0D-0C45C82CC7D8}.Debug|x64.Build.0 = Debug|x64
		{62824358-BA1A-441B-9D0D-0C45C82CC7D8}.Debug|x86.ActiveCfg = Debug|Win32
		{62824358-BA1A-441B-9D0D-0C45C82CC7D8}.Debug|x86.Build.0 = Debug|Win32
		{62824358-BA1A-441B-9D0D-0C45C82CC7D8}.Release|x64.ActiveCfg = Release|x64
		{62824358-BA1A-441B-9D0D-0C45C82CC7D8}.Release|x64.Build.0 = Release|x64
		{62824358-BA1A-441B-9D0D-0C45C82CC7D8}.Release|x86.ActiveCfg = Release|Win32
		{62824358-BA1A-441B-9D0D-0C45C82CC7D8}.Release|x86.Build.0 = Release|Win32
		{F30F68DD-D91B-47AD-8278-7CBD5DA6E3B9}.Debug|x64.ActiveCfg = Debug|x64
		{F30F68DD-D91B-47AD-8278-7CBD5DA6E3B9}.Debug|x64.Build.0 = Debug|x64
		{F30F68DD-D91B-47AD-8278-7CBD5DA6E3B9}.Debug|x86.ActiveCfg = Debug|Win32
		{F30F68DD-D91B-47AD-8278-7CBD5DA6E3B9}.Debug|x86.Build.0 = Debug|Win32
		{F30F68DD-D91B-47AD-8278-7CBD5DA6E3B9}.Release|x64.ActiveCfg = Release|x64
		{F30F68DD-D91B-47AD-8278-7CBD5DA6E3B9}.Release|x64.Build.0 = Release|x64
		{F30F68DD-D91B-47AD-8278-7CBD5DA6E3B9}.Release|x86.ActiveCfg = Release|Win32
		{F30F68DD-D91B-47AD-8278-7CBD5DA6E3B9}.Release|x86.Build.0 = Release|Win32
		{6470EFD3-7C70-4F08-98B0-0DE18054A8C2}.Debug|x64.ActiveCfg = Debug|x64
		{6470EFD3-7C70-4F08-98B0-0DE18054A8C2}.Debug|x64.Build.0 = Debug|x64
		{6470EFD3-7C70-4F08-98B0-0DE18054A8C2}.Debug|x86.ActiveCfg = Debug|Win32
		{6470EFD3-7C70-4F08-98B0-0DE18054A8C2}.Debug|x86.Build.0 = Debug|Win32
		{6470EFD3-7C70-4F08-98B0-0DE18054A8C2}.Release|x64.ActiveCfg = Release|x64
		{6470EFD3-7C70-4F08-98B0-0DE18054A8C2}.Release|x64.Build.0 = Release|x64
		{6470EFD3-7C70-4F08-98B0-0DE18054A8C2}.Release|x86.ActiveCfg = Release|Win32
		{6470EFD3-7C70-4F08-98B0-0DE18054A8C2}.Release|x86.Build.0 = Release|Win32
		{5716AC89-917B-4F58-95E8-FBD9C41164F8}.Debug|x64.ActiveCfg = Debug|x64
		{5716AC89-917B-4F58-95E8-FBD9C41164F8}.Debug|x64.Build.0 = Debug|x64
		{5716AC89-917B-4F58-95E8-FBD9C41164F8}.Debug|x86.ActiveCfg = Debug|Win32
		{5716AC89-917B-4F58-95E8-FBD9C41164F8}.Debug|x86.Build.0 = Debug|Win32
		{5716AC89-917B-4F58-95E8-FBD9C41164F8}.Release|x64.ActiveCfg = Release|x64
		{5716AC89-917B-4F58-95E8-FBD9C41164F8}.Release|x64.Build.0 = Release|x64
		{5716AC89-917B-4F58-95E8-FBD9C41164F8}.Release|x86.ActiveCfg = Release|Win32
		{5716AC89-917B-4F58-95E8-FBD9C41164F8}.Release|x86.Build.0 = Release|Win32
		{C57AB23C-BB09-48A4-9ED7-03EAFF49285A}.Debug|x64.ActiveCfg = Debug|x64
		{C57AB23C-BB09-48A4-9ED7-03EAFF49285A}.Debug|x64.Build.0 = Debug|x64
		{C57AB23C-BB09-48A4-9ED7-03EAFF49285A}.Debug|x86.ActiveCfg = Debug|Win32
		{C57AB23C-BB09-48A4-9ED7-03EAFF49285A}.Debug|x86.Build.0 = Debug|Win32
		{C57AB23C-BB09-48A4-9ED7-03EAFF49285A}.Release|x64.ActiveCfg = Release|x64
		{C57AB23C-BB09-48A4-9ED7-03EAFF49285A}.Release|x64.Build.0 = Release|x64
		{C57AB23C-BB09-48A4-9ED7-03EAFF49285A}.Release|x86.ActiveCfg = Release|Win32
		{C57AB23C-BB09-48A4-9ED7-03EAFF49285A}.Release|x86.Build.0 = Release|Win32
		{D8692D57-314C-4397-9FAA-A767492E56D4}.Debug|x64.ActiveCfg = Debug|x64
		{D8692D57-314C-4397-9FAA-A767492E56D4}.Debug|x64.Build.0 = Debug|x64
		{D8692D57-314C-4397-9FAA-A767492E56D4}.Debug|x86.ActiveCfg = Debug|Win32
		{D8692D57-314C-4397-9FAA-A767492E56D4}.Debug|x86.Build.0 = Debug|Win32
		{D8692D57-314C-4397-9FAA-A767492E56D4}.Release|x64.ActiveCfg = Release|x64
		{D8692D57-314C-4397-9FAA-A767492E56D4}.Release|x64.Build.0 = Release|x64
		{D8692D57-314C-4397-9FAA-A767492E56D4}.Release|x86.ActiveCfg = Release|Win32
		{D8692D57-314C-4397-9FAA-A767492E56D4}.Release|x86.Build.0 = Release|Win32
		{C1330DC4-126F-4ECF-8B19-0FED6C2EFC94}.Debug|x64.ActiveCfg = Debug|x64
		{C1330DC4-126F-4ECF-8B19-0FED6C2EFC94}.Debug|x64.Build.0 = Debug|x64
		{C1330DC4-126F-4ECF-8B19-0FED6C2EFC94}.Debug|x86.ActiveCfg = Debug|Win32
		{C1330DC4-126F-4ECF-8B19-0FED6C2EFC94}.Debug|x86.Build.0 = Debug|Win32
		{C1330DC4-126F-4ECF-8B19-0FED6C2EFC94}.Release|x64.ActiveCfg = Release|x64
		{C1330DC4-126F-4ECF-8B19-0FED6C2EFC94}.Release|x64.Build.0 = Release|x64
		{C1330DC4-126F-4ECF-8B19-0FED6C2EFC94}.Release|x86.ActiveCfg = Release|Win32
		{C1330DC4-126F-4ECF-8B19-0FED6C2EFC94}.Release|x86.Build.0 = Release|Win32
		{D69B965E-30C2-4F8B-9BBA-580B97157FBA}.Debug|x64.ActiveCfg = Debug|x64
		{D69B965E-30C2-4F8B-9BBA-580B97157FBA}.Debug|x64.Build.0 = Debug|x64
		{D69B965E-30C2-4F8B-9BBA-580B97157FBA}.Debug|x86.ActiveCfg = Debug|Win32
		{D69B965E-30C2-4F8B-9BBA-580B97157FBA}.Debug|x86.Build.0 = Debug|Win32
		{D69B965E-30C2-4F8B-9BBA-580B97157FBA}.Release|x64.ActiveCfg = Release|x64
		{D69B965E-30C2-4F8B-9BBA-580B97157FBA}.Release|x64.Build.0 = Release|x64
		{D69B965E-30C2-4F8B-9BBA-580B97157FBA}.Release|x86.ActiveCfg = Release|Win32
		{D69B965E-30C2-4F8B-9BBA-580B97157FBA}.Release|x86.Build.0 = Release|Win32
		{785F9198-E218-46E4-9986-AAB744F0725B}.Debug|x64.ActiveCfg = Debug|x64
		{785F9198-E218-46E4-9986-AAB744F0725B}.Debug|x64.Build.0 = Debug|x64
		{785F9198-E218-46E4-9986-AAB744F0725B}.Debug|x86.ActiveCfg = Debug|Win32
		{785F9198-E218-46E4-9986-AAB744F0725B}.Debug|x86.Build.0 = Debug|Win32
		{785F9198-E218-46E4-9986-AAB744F0725B}.Release|x64.ActiveCfg = Release|x64
		{785F9198-E218-46E4-9986-AAB744F0725B}.Release|x64.Build.0 = Release|x64
		{785F9198-E218-46E4-9986-AAB744F0725B}.Release|x86.ActiveCfg = Release|Win32
		{785F9198-E218-46E4-9986-AAB744F0725B}.Release|x86.Build.0 = Release|Win32
		{2033D283-B083-4D65-B031-CA52AE035EB2}.Debug|x64.ActiveCfg = Debug|x64
		{2033D283-B083-4D65-B031-CA52AE035EB2}.Debug|x64.Build.0 = Debug|x64
		{2033D283-B083-4D65-B031-CA52AE035EB2}.Debug|x86.ActiveCfg = Debug|Win32
		{2033D283-B083-4D65-B031-CA52AE035EB2}.Debug|x86.Build.0 = Debug|Win32
		{2033D283-B083-4D65-B031-CA52AE035EB2}.Release|x64.ActiveCfg = Release|x64
		{2033D283-B083-4D65-B031-CA52AE035EB2}.Release|x64.Build.0 = Release|x64
		{2033D283-B083-4D65-B031-CA52AE035EB2}.Release|x86.ActiveCfg = Release|Win32
		{2033D283-B083-4D65-B031-CA52AE035EB2}.Release|x86.Build.0 = Release|Win32
		{DC38C015-C78F-4D4D-ADE9-02320A1EF858}.Debug|x64.ActiveCfg = Debug|x64
		{DC38C015-C78F-4D4D-ADE9-02320A1EF858}.Debug|x64.Build.0 = Debug|x64
		{DC38C015-C78F-4D4D-ADE9-02320A1EF858}.Debug|x86.ActiveCfg = Debug|Win32
		{DC38C015-C78F-4D4D-ADE9-02320A1EF858}.Debug|x86.Build.0 = Debug|Win32
		{DC38C015-C78F-4D4D-ADE9-02320A1EF858}.Release|x64.ActiveCfg = Release|x64
		{DC38C015-C78F-4D4D-ADE9-02320A1EF858}.Release|x64.Build.0 = Release|x64
		{DC38C015-C78F-4D4D-ADE9-02320A1EF858}.Release|x86.ActiveCfg = Release|Win32
		{DC38C015-C78F-4D4D-ADE9-02320A1EF858}.Release|x86.Build.0 = Release|Win32
		{448EB25E-53D3-4D25-9ADA-214AD7E064C7}.Debug|x64.ActiveCfg = Debug|x64
		{448EB25E-53D3-4D25-9ADA-214AD7E064C7}.Debug|x64.Build.0 = Debug|x64
		{448EB25E-53D3-4D25-9ADA-214AD7E064C7}.Debug|x86.ActiveCfg = Debug|Win32
		{448EB25E-53D3-4D25-9ADA-214AD7E064C7}.Debug|x86.Build.0 = Debug|Win32
		{448EB25E-53D3-4D25-9ADA-214AD7E064C7}.Release|x64.ActiveCfg = Release|x64
		{448EB25E-53D3-4D25-9ADA-214AD7E064C7}.Release|x64.Build.0 = Release|x64
		{448EB25E-53D3-4D25-9ADA-214AD7E064C7}.Release|x86.ActiveCfg = Release|Win32
		{448EB25E-53D3-4D25-9ADA-214AD7E064C7}.Release|x86.Build.0 = Release|Win32
		{EE3F09A2-DD3B-4018-A221-CEF73546B55A}.Debug|x64.ActiveCfg = Debug|x64
		{EE3F09A2-DD3B-4018-A221-CEF73546B55A}.Debug|x64.Build.0 = Debug|x64
		{EE3F09A2-DD3B-4018-A221-CEF73546B55A}.Debug|x86.ActiveCfg = Debug|Win32
		{EE3F09A2-DD3B-4018-A221-CEF73546B55A}.Debug|x86.Build.0 = Debug|Win32
		{EE3F09A2-DD3B-4018-A221-CEF73546B55A}.Release|x64.ActiveCfg = Release|x64
		{EE3F09A2-DD3B-4018-A221-CEF73546B55A}.Release|x64.Build.0 = Release|x64
		{EE3F09A2-DD3B-4018-A221-CEF73546B55A}.Release|x86.ActiveCfg = Release|Win32
		{EE3F09A2-DD3B-4018-A221-CEF73546B55A}.Release|x86.Build.0 = Release|Win32
		{F4355E42-A750-498B-9BCA-1E98A1EF51E5}.Debug|x64.ActiveCfg = Debug|x64
		{F4355E42-A750-498B-9BCA-1E98A1EF51E5}.Debug|x64.Build.0 = Debug|x64
		{F4355E42-A750-498B-9BCA-1E98A1EF51E5}.Debug|x86.ActiveCfg = Debug|Win32
		{F4355E42-A750-498B-9BCA-1E98A1EF51E5}.Debug|x86.Build.0 = Debug|Win32
		{F4355E42-A750-498B-9BCA-1E98A1EF51E5}.Release|x64.ActiveCfg = Release|x64
		{F4355E42-A750-498B-9BCA-1E98A1EF51E5}.Release|x64.Build.0 = Release|x64
		{F4355E42-A750-498B-9BCA-1E98A1EF51E5}.Release|x86.ActiveCfg = Release|Win32
		{F4355E42-A750-498B-9BCA-1E98A1EF51E5}.Release|x86.Build.0 = Release|Win32
		{7799A99D-C7B4-4F12-946A-C5D06E841611}.Debug|x64.ActiveCfg = Debug|x64
		{7799A99D-C7B4-4F12-946A-C5D06E841611}.Debug|x64.Build.0 = Debug|x64
		{7799A99D-C7B4-4F12-946A-C5D06E841611}.Debug|x86.ActiveCfg = Debug|Win32
		{7799A99D-C7B4-4F12-946A-C5D06E841611}.Debug|x86.Build.0 = Debug|Win32
		{7799A99D-C7B4-4F12-946A-C5D06E841611}.Release|x64.ActiveCfg = Release|x64
		{7799A99D-C7B4-4F12-946A-C5D06E841611}.Release|x64.Build.0 = Release|x64
		{7799A99D-C7B4-4F12-946A-C5D06E841611}.Release|x86.ActiveCfg = Release|Win32
		{7799A99D-C7B4-4F12-946A-C5D06E841611}.Release|x86.Build.0 = Release|Win32
		{F73FEC8F-DE7D-44E2-9F03-CED1C1C2C574}.Debug|x64.ActiveCfg = Debug|x64
		{F73FEC8F-DE7D-44E2-9F03-CED1C1C2C574}.Debug|x64.Build.0 = Debug|x64
		{F73FEC8F-DE7D-44E2-9F03-CED1C1C2C574}.Debug|x86.ActiveCfg = Debug|Win32
		{F73FEC8F-DE7D-44E2-9F03-CED1C1C2C574}.Debug|x86.Build.0 = Debug|Win32
		{F73FEC8F-DE7D-44E2-9F03-CED1C1C2C574}.Release|x64.ActiveCfg = Release|x64
		{F73FEC8F-DE7D-44E2-9F03-CED1C1C2C574}.Release|x64.Build.0 = Release|x64
		{F73FEC8F-DE7D-44E2-9F03-CED1C1C2C574}.Release|x86.ActiveCfg = Release|Win32
		{F73FEC8F-DE7D-44E2-9F03-CED1C1C2C574}.Release|x86.Build.0 = Release|Win32
		{2E5C91D6-CBB6-46E8-93E9-B3857E761AA2}.Debug|x64.ActiveCfg = Debug|x64
		{2E5C91D6-CBB6-46E8-93E9-B3857E761AA2}.Debug|x64.Build.0 = Debug|x64
		{2E5C91D6-CBB6-46E8-93E9-B3857E761AA2}.Debug|x86.ActiveCfg = Debug|Win32
		{2E5C91D6-CBB6-46E8-93E9-B3857E761AA2}.Debug|x86.Build.0 = Debug|Win32
		{2E5C91D6-CBB6-46E8-93E9-B3857E761AA2}.Release|x64.ActiveCfg = Release|x64
		{2E5C91D6-CBB6-46E8-93E9-B3857E761AA2}.Release|x64.Build.0 = Release|x64
		{2E5C91D6-CBB6-46E8-93E9-B3857E761AA2}.Release|x86.ActiveCfg = Release|Win32
		{2E5C91D6-CBB6-46E8-93E9-B3857E761AA2}.Release|x86.Build.0 = Release|Win32
		{318D6E17-D7F3-4C0F-AE08-91E25542C3DC}.Debug|x64.ActiveCfg = Debug|x64
		{318D6E17-D7F3-4C0F-AE08-91E25542C3DC}.Debug|x64.Build.0 = Debug|x64
		{318D6E17-D7F3-4C0F-AE08-91E25542C3DC}.Debug|x86.ActiveCfg = Debug|Win32
		{318D6E17-D7F3-4C0F-AE08-91E25542C3DC}.Debug|x86.Build.0 = Debug|Win32
		{318D6E17-D7F3-4C0F-AE08-91E25542C3DC}.Release|x64.ActiveCfg = Release|x64
		{318D6E17-D7F3-4C0F-AE08-91E25542C3DC}.Release|x64.Build.0 = Release|x64
		{318D6E17-D7F3-4C0F-AE08-91E25542C3DC}.Release|x86.ActiveCfg = Release|Win32
		{318D6E17-D7F3-4C0F-AE08-91E25542C3DC}.Release|x86.Build.0 = Release|Win32
		{299A45C8-3415-4F8C-ACF6-F58506362BEC}.Debug|x64.ActiveCfg = Debug|x64
		{299A45C8-3415-4F8C-ACF6-F58506362BEC}.Debug|x64.Build.0 = Debug|x64
		{299A45C8-3415-4F8C-ACF6-F58506362BEC}.Debug|x86.ActiveCfg = Debug|Win32
		{299A45C8-3415-4F8C-ACF6-F58506362BEC}.Debug|x86.Build.0 = Debug|Win32
		{299A45C8-3415-4F8C-ACF6-F58506362BEC}.Release|x64.ActiveCfg = Release|x64
		{299A45C8-3415-4F8C-ACF6-F58506362BEC}.Release|x64.Build.0 = Release|x64
		{299A45C8-3415-4F8C-ACF6-F58506362BEC}.Release|x86.ActiveCfg = Release|Win32
		{299A45C8-3415-4F8C-ACF6-F58506362BEC}.Release|x86.Build.0 = Release|Win32
		{2494B741-76C4-4DD2-99B1-B403FA55599E}.Debug|x64.ActiveCfg = Debug|x64
		{2494B741-76C4-4DD2-99B1-B403FA55599E}.Debug|x64.Build.0 = Debug|x64
		{2494B741-76C4-4DD2-99B1-B403FA55599E}.Debug|x86.ActiveCfg = Debug|Win32
		{2494B741-76C4-4DD2-99B1-B403FA55599E}.Debug|x86.Build.0 = Debug|Win32
		{2494B741-76C4-4DD2-99B1-B403FA55599E}.Release|x64.ActiveCfg = Release|x64
		{2494B741-76C4-4DD2-99B1-B403FA55599E}.Release|x64.Build.0 = Release|x64
		{2494B741-76C4-4DD2-99B1-B403FA55599E}.Release|x86.ActiveCfg = Release|Win32
		{2494B741-76C4-4DD2-99B1-B403FA55599E}.Release|x86.Build.0 = Release|Win32
		{8542AB3B-2294-4BCE-AB21-184C68890C43}.Debug|x64.ActiveCfg = Debug|x64
		{8542AB3B-2294-4BCE-AB21-184C68890C43}.Debug|x64.Build.0 = Debug|x64
		{8542AB3B-2294-4BCE-AB21-184C68890C43}.Debug|x86.ActiveCfg = Debug|Win32
		{8542AB3B-2294-4BCE-AB21-184C68890C43}.Debug|x86.Build.0 = Debug|Win32
		{8542AB3B-2294-4BCE-AB21-184C68890C43}.Release|x64.ActiveCfg = Release|x64
		{8542AB3B-2294-4BCE-AB21-184C68890C43}.Release|x64.Build.0 = Release|x64
		{8542AB3B-2294-4BCE-AB21-184C68890C43}.Release|x86.ActiveCfg = Release|Win32
		{8542AB3B-2294-4BCE-AB21-184C68890C43}.Release|x86.Build.0 = Release|Win32
		{A04C7452-DABE-41BF-BBE9-5E040C01D1BE}.Debug|x64.ActiveCfg = Debug|x64
		{A04C7452-DABE-41BF-BBE9-5E040C01D1BE}.Debug|x64.Build.0 = Debug|x64
		{A04C7452-DABE-41BF-BBE9-5E040C01D1BE}.Debug|x86.ActiveCfg = Debug|Win32
		{A04C7452-DABE-41BF-BBE9-5E040C01D1BE}.Debug|x86.Build.0 = Debug|Win32
		{A04C7452-DABE-41BF-BBE9-5E040C01D1BE}.Release|x64.ActiveCfg = Release|x64
		{A04C7452-DABE-41BF-BBE9-5E040C01D1BE}.Release|x64.Build.0 = Release|x64
		{A04C7452-DABE-41BF-BBE9-5E040C01D1BE}.Release|x86.ActiveCfg = Release|Win32
		{A04C7452-DABE-41BF-BBE9-5E040C01D1BE}.Release|x86.Build.0 = Release|Win32
		{C76E347D-0423-4DB7-B920-8FECC6939014}.Debug|x64.ActiveCfg = Debug|x64
		{C76E347D-0423-4DB7-B920-8FECC6939014}.Debug|x64.Build.0 = Debug|x64
		{C76E347D-0423-4DB7-B920-8FECC6939014}.Debug|x86.ActiveCfg = Debug|Win32
		{C76E347D-0423-4DB7-B920-8FECC6939014}.Debug|x86.Build.0 = Debug|Win32
		{C76E347D-0423-4DB7-B920-8FECC6939014}.Release|x64.ActiveCfg = Release|x64
		{C76E347D-0423-4DB7-B920-8FECC6939014}.Release|x64.Build.0 = Release|x64
		{C76E347D-0423-4DB7-B920-8FECC6939014}.Release|x86.ActiveCfg = Release|Win32
		{C76E347D-0423-4DB7-B920-8FECC6939014}.Release|x86.Build.0 = Release|Win32
		{2F1681EC-C1D7-405A-9CCE-C8E0A9554D0F}.Debug|x64.ActiveCfg = Debug|x64
		{2F1681EC-C1D7-405A-9CCE-C8E0A9554D0F}.Debug|x64.Build.0 = Debug|x64
		{2F1681EC-C1D7-405A-9CCE-C8E0A9554D0F}.Debug|x86.ActiveCfg = Debug|Win32
		{2F1681EC-C1D7-405A-9CCE-C8E0A9554D0F}.Debug|x86.Build.0 = Debug|Win32
		{2F1681EC-C1D7-405A-9CCE-C8E0A9554D0F}.Release|x64.ActiveCfg = Release|x64
		{2F1681EC-C1D7-405A-9CCE-C8E0A9554D0F}.Release|x64.Build.0 = Release|x64
		{2F1681EC-C1D7-405A-9CCE-C8E0A9554D0F}.Release|x86.ActiveCfg = Release|Win32
		{2F1681EC-C1D7-405A-9CCE-C8E0A9554D0F}.Release|x86.Build.0 = Release|Win32
		{A9BDE7F7-8D85-4B66-A422-F974C7C5ECC6}.Debug|x64.ActiveCfg = Debug|x64
		{A9BDE7F7-8D85-4B66-A422-F974C7C5ECC6}.Debug|x64.Build.0 = Debug|x64
		{A9BDE7F7-8D85-4B66-A422-F974C7C5ECC6}.Debug|x86.ActiveCfg = Debug|Win32
		{A9BDE7F7-8D85-4B66-A422-F974C7C5ECC6}.Debug|x86.Build.0 = Debug|Win32
		{A9BDE7F7-8D85-4B66-A422-F974C7C5ECC6}.Release|x64.ActiveCfg = Release|x64
		{A9BDE7F7-8D85-4B66-A422-F974C7C5ECC6}.Release|x64.Build.0 = Release|x64
		{A9BDE7F7-8D85-4B66-A422-F974C7C5ECC6}.Release|x86.ActiveCfg = Release|Win32
		{A9BDE7F7-8D85-4B66-A422-F974C7C5ECC6}.Release|x86.Build.0 = Release|Win32
	EndGlobalSection
	GlobalSection(SolutionProperties) = preSolution
		HideSolutionNode = FALSE
	EndGlobalSection
	GlobalSection(NestedProjects) = preSolution
		{DAAF292A-CCE4-4F10-B999-BDFE93A98D22} = {DFF24218-8398-4702-B725-8058CD11C8C0}
		{B6B47AE7-AADD-482B-8569-2DAA4096F81A} = {DFF24218-8398-4702-B725-8058CD11C8C0}
		{C34F134D-5185-4B84-92E9-7AC8E063C958} = {DFF24218-8398-4702-B725-8058CD11C8C0}
		{AA66D288-2FAC-468E-B3EB-2635FC52E119} = {DFF24218-8398-4702-B725-8058CD11C8C0}
		{D0E0F403-D9E1-4981-A820-8CFE3F2320B2} = {A1A7E834-87C4-4EF1-A17E-582978454D61}
		{272A0E48-5C24-4F7F-ACAD-8DE41E88C530} = {A1A7E834-87C4-4EF1-A17E-582978454D61}
		{B77AA956-A8F0-45AE-BDAC-4F2851D476D3} = {A1A7E834-87C4-4EF1-A17E-582978454D61}
		{FC8722E1-474B-4B8B-81B7-71F94CEF14EC} = {A1A7E834-87C4-4EF1-A17E-582978454D61}
		{62824358-BA1A-441B-9D0D-0C45C82CC7D8} = {A1A7E834-87C4-4EF1-A17E-582978454D61}
		{F30F68DD-D91B-47AD-8278-7CBD5DA6E3B9} = {A1A7E834-87C4-4EF1-A17E-582978454D61}
		{6470EFD3-7C70-4F08-98B0-0DE18054A8C2} = {A1A7E834-87C4-4EF1-A17E-582978454D61}
		{5716AC89-917B-4F58-95E8-FBD9C41164F8} = {7CF9CF8A-F859-494E-A14F-13433E747974}
		{C57AB23C-BB09-48A4-9ED7-03EAFF49285A} = {7CF9CF8A-F859-494E-A14F-13433E747974}
		{D8692D57-314C-4397-9FAA-A767492E56D4} = {7CF9CF8A-F859-494E-A14F-13433E747974}
		{C1330DC4-126F-4ECF-8B19-0FED6C2EFC94} = {7CF9CF8A-F859-494E-A14F-13433E747974}
		{D69B965E-30C2-4F8B-9BBA-580B97157FBA} = {7CF9CF8A-F859-494E-A14F-13433E747974}
		{785F9198-E218-46E4-9986-AAB744F0725B} = {7CF9CF8A-F859-494E-A14F-13433E747974}
		{2033D283-B083-4D65-B031-CA52AE035EB2} = {7CF9CF8A-F859-494E-A14F-13433E747974}
		{DC38C015-C78F-4D4D-ADE9-02320A1EF858} = {7CF9CF8A-F859-494E-A14F-13433E747974}
		{448EB25E-53D3-4D25-9ADA-214AD7E064C7} = {7CF9CF8A-F859-494E-A14F-13433E747974}
		{EE3F09A2-DD3B-4018-A221-CEF73546B55A} = {A33116A4-C2D2-4FFE-95D6-A2E4A9252905}
		{F4355E42-A750-498B-9BCA-1E98A1EF51E5} = {A33116A4-C2D2-4FFE-95D6-A2E4A9252905}
		{7799A99D-C7B4-4F12-946A-C5D06E841611} = {A33116A4-C2D2-4FFE-95D6-A2E4A9252905}
		{F73FEC8F-DE7D-44E2-9F03-CED1C1C2C574} = {A33116A4-C2D2-4FFE-95D6-A2E4A9252905}
		{2E5C91D6-CBB6-46E8-93E9-B3857E761AA2} = {CC89F1B2-2CB8-46B8-BFD6-A1BA9B36DFC4}
		{318D6E17-D7F3-4C0F-AE08-91E25542C3DC} = {CC89F1B2-2CB8-46B8-BFD6-A1BA9B36DFC4}
		{299A45C8-3415-4F8C-ACF6-F58506362BEC} = {CC89F1B2-2CB8-46B8-BFD6-A1BA9B36DFC4}
		{2494B741-76C4-4DD2-99B1-B403FA55599E} = {CC89F1B2-2CB8-46B8-BFD6-A1BA9B36DFC4}
		{8542AB3B-2294-4BCE-AB21-184C68890C43} = {CC89F1B2-2CB8-46B8-BFD6-A1BA9B36DFC4}
		{A04C7452-DABE-41BF-BBE9-5E040C01D1BE} = {CC89F1B2-2CB8-46B8-BFD6-A1BA9B36DFC4}
		{C76E347D-0423-4DB7-B920-8FECC6939014} = {CC89F1B2-2CB8-46B8-BFD6-A1BA9B36DFC4}
		{2F1681EC-C1D7-405A-9CCE-C8E0A9554D0F} = {12628028-0958-4FDD-A220-E885D0BD80C0}
		{A9BDE7F7-8D85-4B66-A422-F974C7C5ECC6} = {12628028-0958-4FDD-A220-E885D0BD80C0}
	EndGlobalSection
EndGlobal
